
Microsoft Visual Studio Solution File, Format Version 12.00
# Visual Studio Version 17
VisualStudioVersion = 17.0.31903.59
MinimumVisualStudioVersion = 10.0.40219.1
Project("{2150E333-8FDC-42A3-9474-1A3956D46DE8}") = "src", "src", "{827E0CD3-B72D-47B6-A68D-7590B98EB39B}"
EndProject
Project("{FAE04EC0-301F-11D3-BF4B-00C04F79EFBC}") = "StartupStarter.Core", "src\StartupStarter.Core\StartupStarter.Core.csproj", "{D17FA8E4-0502-4C34-9258-4C98D46818F9}"
EndProject
Project("{FAE04EC0-301F-11D3-BF4B-00C04F79EFBC}") = "StartupStarter.Infrastructure", "src\StartupStarter.Infrastructure\StartupStarter.Infrastructure.csproj", "{C9AB8B39-B7B3-4FD5-BC29-E92C6DB7BDC6}"
EndProject
Project("{FAE04EC0-301F-11D3-BF4B-00C04F79EFBC}") = "StartupStarter.Api", "src\StartupStarter.Api\StartupStarter.Api.csproj", "{D20A3D1A-6789-47B7-895B-EAB5D2C9BF56}"
EndProject
Project("{2150E333-8FDC-42A3-9474-1A3956D46DE8}") = "tests", "tests", "{E8F2D3A4-1234-5678-9ABC-DEF012345678}"
EndProject
Project("{FAE04EC0-301F-11D3-BF4B-00C04F79EFBC}") = "StartupStarter.Core.Tests", "tests\StartupStarter.Core.Tests\StartupStarter.Core.Tests.csproj", "{A1B2C3D4-E5F6-7890-ABCD-EF1234567890}"
EndProject
Project("{FAE04EC0-301F-11D3-BF4B-00C04F79EFBC}") = "StartupStarter.Api.Tests", "tests\StartupStarter.Api.Tests\StartupStarter.Api.Tests.csproj", "{B2C3D4E5-F6A7-8901-BCDE-F23456789012}"
EndProject
Project("{FAE04EC0-301F-11D3-BF4B-00C04F79EFBC}") = "StartupStarter.Infrastructure.Tests", "tests\StartupStarter.Infrastructure.Tests\StartupStarter.Infrastructure.Tests.csproj", "{C3D4E5F6-A7B8-9012-CDEF-345678901234}"
EndProject
Global
	GlobalSection(SolutionConfigurationPlatforms) = preSolution
		Debug|Any CPU = Debug|Any CPU
		Debug|x64 = Debug|x64
		Debug|x86 = Debug|x86
		Release|Any CPU = Release|Any CPU
		Release|x64 = Release|x64
		Release|x86 = Release|x86
	EndGlobalSection
	GlobalSection(ProjectConfigurationPlatforms) = postSolution
		{D17FA8E4-0502-4C34-9258-4C98D46818F9}.Debug|Any CPU.ActiveCfg = Debug|Any CPU
		{D17FA8E4-0502-4C34-9258-4C98D46818F9}.Debug|Any CPU.Build.0 = Debug|Any CPU
		{D17FA8E4-0502-4C34-9258-4C98D46818F9}.Debug|x64.ActiveCfg = Debug|Any CPU
		{D17FA8E4-0502-4C34-9258-4C98D46818F9}.Debug|x64.Build.0 = Debug|Any CPU
		{D17FA8E4-0502-4C34-9258-4C98D46818F9}.Debug|x86.ActiveCfg = Debug|Any CPU
		{D17FA8E4-0502-4C34-9258-4C98D46818F9}.Debug|x86.Build.0 = Debug|Any CPU
		{D17FA8E4-0502-4C34-9258-4C98D46818F9}.Release|Any CPU.ActiveCfg = Release|Any CPU
		{D17FA8E4-0502-4C34-9258-4C98D46818F9}.Release|Any CPU.Build.0 = Release|Any CPU
		{D17FA8E4-0502-4C34-9258-4C98D46818F9}.Release|x64.ActiveCfg = Release|Any CPU
		{D17FA8E4-0502-4C34-9258-4C98D46818F9}.Release|x64.Build.0 = Release|Any CPU
		{D17FA8E4-0502-4C34-9258-4C98D46818F9}.Release|x86.ActiveCfg = Release|Any CPU
		{D17FA8E4-0502-4C34-9258-4C98D46818F9}.Release|x86.Build.0 = Release|Any CPU
		{C9AB8B39-B7B3-4FD5-BC29-E92C6DB7BDC6}.Debug|Any CPU.ActiveCfg = Debug|Any CPU
		{C9AB8B39-B7B3-4FD5-BC29-E92C6DB7BDC6}.Debug|Any CPU.Build.0 = Debug|Any CPU
		{C9AB8B39-B7B3-4FD5-BC29-E92C6DB7BDC6}.Debug|x64.ActiveCfg = Debug|Any CPU
		{C9AB8B39-B7B3-4FD5-BC29-E92C6DB7BDC6}.Debug|x64.Build.0 = Debug|Any CPU
		{C9AB8B39-B7B3-4FD5-BC29-E92C6DB7BDC6}.Debug|x86.ActiveCfg = Debug|Any CPU
		{C9AB8B39-B7B3-4FD5-BC29-E92C6DB7BDC6}.Debug|x86.Build.0 = Debug|Any CPU
		{C9AB8B39-B7B3-4FD5-BC29-E92C6DB7BDC6}.Release|Any CPU.ActiveCfg = Release|Any CPU
		{C9AB8B39-B7B3-4FD5-BC29-E92C6DB7BDC6}.Release|Any CPU.Build.0 = Release|Any CPU
		{C9AB8B39-B7B3-4FD5-BC29-E92C6DB7BDC6}.Release|x64.ActiveCfg = Release|Any CPU
		{C9AB8B39-B7B3-4FD5-BC29-E92C6DB7BDC6}.Release|x64.Build.0 = Release|Any CPU
		{C9AB8B39-B7B3-4FD5-BC29-E92C6DB7BDC6}.Release|x86.ActiveCfg = Release|Any CPU
		{C9AB8B39-B7B3-4FD5-BC29-E92C6DB7BDC6}.Release|x86.Build.0 = Release|Any CPU
		{D20A3D1A-6789-47B7-895B-EAB5D2C9BF56}.Debug|Any CPU.ActiveCfg = Debug|Any CPU
		{D20A3D1A-6789-47B7-895B-EAB5D2C9BF56}.Debug|Any CPU.Build.0 = Debug|Any CPU
		{D20A3D1A-6789-47B7-895B-EAB5D2C9BF56}.Debug|x64.ActiveCfg = Debug|Any CPU
		{D20A3D1A-6789-47B7-895B-EAB5D2C9BF56}.Debug|x64.Build.0 = Debug|Any CPU
		{D20A3D1A-6789-47B7-895B-EAB5D2C9BF56}.Debug|x86.ActiveCfg = Debug|Any CPU
		{D20A3D1A-6789-47B7-895B-EAB5D2C9BF56}.Debug|x86.Build.0 = Debug|Any CPU
		{D20A3D1A-6789-47B7-895B-EAB5D2C9BF56}.Release|Any CPU.ActiveCfg = Release|Any CPU
		{D20A3D1A-6789-47B7-895B-EAB5D2C9BF56}.Release|Any CPU.Build.0 = Release|Any CPU
		{D20A3D1A-6789-47B7-895B-EAB5D2C9BF56}.Release|x64.ActiveCfg = Release|Any CPU
		{D20A3D1A-6789-47B7-895B-EAB5D2C9BF56}.Release|x64.Build.0 = Release|Any CPU
		{D20A3D1A-6789-47B7-895B-EAB5D2C9BF56}.Release|x86.ActiveCfg = Release|Any CPU
		{D20A3D1A-6789-47B7-895B-EAB5D2C9BF56}.Release|x86.Build.0 = Release|Any CPU
		{A1B2C3D4-E5F6-7890-ABCD-EF1234567890}.Debug|Any CPU.ActiveCfg = Debug|Any CPU
		{A1B2C3D4-E5F6-7890-ABCD-EF1234567890}.Debug|Any CPU.Build.0 = Debug|Any CPU
		{A1B2C3D4-E5F6-7890-ABCD-EF1234567890}.Debug|x64.ActiveCfg = Debug|Any CPU
		{A1B2C3D4-E5F6-7890-ABCD-EF1234567890}.Debug|x64.Build.0 = Debug|Any CPU
		{A1B2C3D4-E5F6-7890-ABCD-EF1234567890}.Debug|x86.ActiveCfg = Debug|Any CPU
		{A1B2C3D4-E5F6-7890-ABCD-EF1234567890}.Debug|x86.Build.0 = Debug|Any CPU
		{A1B2C3D4-E5F6-7890-ABCD-EF1234567890}.Release|Any CPU.ActiveCfg = Release|Any CPU
		{A1B2C3D4-E5F6-7890-ABCD-EF1234567890}.Release|Any CPU.Build.0 = Release|Any CPU
		{A1B2C3D4-E5F6-7890-ABCD-EF1234567890}.Release|x64.ActiveCfg = Release|Any CPU
		{A1B2C3D4-E5F6-7890-ABCD-EF1234567890}.Release|x64.Build.0 = Release|Any CPU
		{A1B2C3D4-E5F6-7890-ABCD-EF1234567890}.Release|x86.ActiveCfg = Release|Any CPU
		{A1B2C3D4-E5F6-7890-ABCD-EF1234567890}.Release|x86.Build.0 = Release|Any CPU
		{B2C3D4E5-F6A7-8901-BCDE-F23456789012}.Debug|Any CPU.ActiveCfg = Debug|Any CPU
		{B2C3D4E5-F6A7-8901-BCDE-F23456789012}.Debug|Any CPU.Build.0 = Debug|Any CPU
		{B2C3D4E5-F6A7-8901-BCDE-F23456789012}.Debug|x64.ActiveCfg = Debug|Any CPU
		{B2C3D4E5-F6A7-8901-BCDE-F23456789012}.Debug|x64.Build.0 = Debug|Any CPU
		{B2C3D4E5-F6A7-8901-BCDE-F23456789012}.Debug|x86.ActiveCfg = Debug|Any CPU
		{B2C3D4E5-F6A7-8901-BCDE-F23456789012}.Debug|x86.Build.0 = Debug|Any CPU
		{B2C3D4E5-F6A7-8901-BCDE-F23456789012}.Release|Any CPU.ActiveCfg = Release|Any CPU
		{B2C3D4E5-F6A7-8901-BCDE-F23456789012}.Release|Any CPU.Build.0 = Release|Any CPU
		{B2C3D4E5-F6A7-8901-BCDE-F23456789012}.Release|x64.ActiveCfg = Release|Any CPU
		{B2C3D4E5-F6A7-8901-BCDE-F23456789012}.Release|x64.Build.0 = Release|Any CPU
		{B2C3D4E5-F6A7-8901-BCDE-F23456789012}.Release|x86.ActiveCfg = Release|Any CPU
		{B2C3D4E5-F6A7-8901-BCDE-F23456789012}.Release|x86.Build.0 = Release|Any CPU
		{C3D4E5F6-A7B8-9012-CDEF-345678901234}.Debug|Any CPU.ActiveCfg = Debug|Any CPU
		{C3D4E5F6-A7B8-9012-CDEF-345678901234}.Debug|Any CPU.Build.0 = Debug|Any CPU
		{C3D4E5F6-A7B8-9012-CDEF-345678901234}.Debug|x64.ActiveCfg = Debug|Any CPU
		{C3D4E5F6-A7B8-9012-CDEF-345678901234}.Debug|x64.Build.0 = Debug|Any CPU
		{C3D4E5F6-A7B8-9012-CDEF-345678901234}.Debug|x86.ActiveCfg = Debug|Any CPU
		{C3D4E5F6-A7B8-9012-CDEF-345678901234}.Debug|x86.Build.0 = Debug|Any CPU
		{C3D4E5F6-A7B8-9012-CDEF-345678901234}.Release|Any CPU.ActiveCfg = Release|Any CPU
		{C3D4E5F6-A7B8-9012-CDEF-345678901234}.Release|Any CPU.Build.0 = Release|Any CPU
		{C3D4E5F6-A7B8-9012-CDEF-345678901234}.Release|x64.ActiveCfg = Release|Any CPU
		{C3D4E5F6-A7B8-9012-CDEF-345678901234}.Release|x64.Build.0 = Release|Any CPU
		{C3D4E5F6-A7B8-9012-CDEF-345678901234}.Release|x86.ActiveCfg = Release|Any CPU
		{C3D4E5F6-A7B8-9012-CDEF-345678901234}.Release|x86.Build.0 = Release|Any CPU
	EndGlobalSection
	GlobalSection(SolutionProperties) = preSolution
		HideSolutionNode = FALSE
	EndGlobalSection
	GlobalSection(NestedProjects) = preSolution
		{D17FA8E4-0502-4C34-9258-4C98D46818F9} = {827E0CD3-B72D-47B6-A68D-7590B98EB39B}
		{C9AB8B39-B7B3-4FD5-BC29-E92C6DB7BDC6} = {827E0CD3-B72D-47B6-A68D-7590B98EB39B}
		{D20A3D1A-6789-47B7-895B-EAB5D2C9BF56} = {827E0CD3-B72D-47B6-A68D-7590B98EB39B}
		{A1B2C3D4-E5F6-7890-ABCD-EF1234567890} = {E8F2D3A4-1234-5678-9ABC-DEF012345678}
		{B2C3D4E5-F6A7-8901-BCDE-F23456789012} = {E8F2D3A4-1234-5678-9ABC-DEF012345678}
		{C3D4E5F6-A7B8-9012-CDEF-345678901234} = {E8F2D3A4-1234-5678-9ABC-DEF012345678}
	EndGlobalSection
EndGlobal
